{
  "name": "airship-android-uitests",
  "lockfileVersion": 3,
  "requires": true,
  "packages": {
    "": {
      "name": "airship-android-uitests",
      "devDependencies": {
        "odiff-bin": "^3.2.1"
      }
    },
    "node_modules/odiff-bin": {
      "version": "3.2.1",
      "resolved": "https://registry.npmjs.org/odiff-bin/-/odiff-bin-3.2.1.tgz",
      "integrity": "sha512-28y48d9vOf4DqHcn3U0RXL5PVO9gVNgrjzlO3Yu47NeDWnoxiIjlXRiXX5GYh0TU7qfUnWU7KGMtpl2BLJWpsA==",
      "dev": true,
      "hasInstallScript": true,
      "license": "MIT",
      "bin": {
        "odiff": "bin/odiff.exe"
      }
    }
  }
}
